// !$*UTF8*$!
{
	archiveVersion = 1;
	classes = {
	};
	objectVersion = 51;
	objects = {

/* Begin PBXBuildFile section */
		0E588BC201DA607DD7B87510 /* BuildFile in Frameworks */ = {isa = PBXBuildFile; };
		2745BD8624F6FD0E00590194 /* Choose_My_PlantTests.swift in Sources */ = {isa = PBXBuildFile; fileRef = 2745BD8524F6FD0E00590194 /* Choose_My_PlantTests.swift */; };
		34D3FE2E24F51F8D003F4380 /* TableViewController.swift in Sources */ = {isa = PBXBuildFile; fileRef = 34D3FE2D24F51F8D003F4380 /* TableViewController.swift */; };
		34D3FE3024F529FB003F4380 /* TableViewCell.swift in Sources */ = {isa = PBXBuildFile; fileRef = 34D3FE2F24F529FB003F4380 /* TableViewCell.swift */; };
		A6D2DF5791C4F67589EC4222 /* Pods_Choose_My_Plant.framework in Frameworks */ = {isa = PBXBuildFile; fileRef = 01610994B046718C77DD3668 /* Pods_Choose_My_Plant.framework */; };
		BA9A0E3082EB49231AC9F1BF /* Pods_Choose_My_PlantTests.framework in Frameworks */ = {isa = PBXBuildFile; fileRef = 822A695D0165B78D27479580 /* Pods_Choose_My_PlantTests.framework */; };
		BD2DBA6824EC0F6900516CEA /* AppDelegate.swift in Sources */ = {isa = PBXBuildFile; fileRef = BD2DBA6724EC0F6900516CEA /* AppDelegate.swift */; };
		BD2DBA6A24EC0F6900516CEA /* SceneDelegate.swift in Sources */ = {isa = PBXBuildFile; fileRef = BD2DBA6924EC0F6900516CEA /* SceneDelegate.swift */; };
		BD2DBA6C24EC0F6900516CEA /* ViewController.swift in Sources */ = {isa = PBXBuildFile; fileRef = BD2DBA6B24EC0F6900516CEA /* ViewController.swift */; };
		BD2DBA6F24EC0F6900516CEA /* Main.storyboard in Resources */ = {isa = PBXBuildFile; fileRef = BD2DBA6D24EC0F6900516CEA /* Main.storyboard */; };
		BD2DBA7124EC0F6B00516CEA /* Assets.xcassets in Resources */ = {isa = PBXBuildFile; fileRef = BD2DBA7024EC0F6B00516CEA /* Assets.xcassets */; };
		BD2DBA7424EC0F6B00516CEA /* LaunchScreen.storyboard in Resources */ = {isa = PBXBuildFile; fileRef = BD2DBA7224EC0F6B00516CEA /* LaunchScreen.storyboard */; };
		BD2DBA7C24EC116600516CEA /* GoogleService-Info.plist in Resources */ = {isa = PBXBuildFile; fileRef = BD2DBA7B24EC116600516CEA /* GoogleService-Info.plist */; };
		BD2DBA7E24EC19F800516CEA /* SignUpViewController.swift in Sources */ = {isa = PBXBuildFile; fileRef = BD2DBA7D24EC19F800516CEA /* SignUpViewController.swift */; };
		BD2DBA8224EC1A1900516CEA /* HomeViewController.swift in Sources */ = {isa = PBXBuildFile; fileRef = BD2DBA8124EC1A1900516CEA /* HomeViewController.swift */; };
		BD2DBA8824ED3EDD00516CEA /* Utilities.swift in Sources */ = {isa = PBXBuildFile; fileRef = BD2DBA8724ED3EDC00516CEA /* Utilities.swift */; };
		BD2DBA8A24ED96C400516CEA /* Constants.swift in Sources */ = {isa = PBXBuildFile; fileRef = BD2DBA8924ED96C400516CEA /* Constants.swift */; };
		BD2DBA8C24EE7C1C00516CEA /* Plantie.swift in Sources */ = {isa = PBXBuildFile; fileRef = BD2DBA8B24EE7C1C00516CEA /* Plantie.swift */; };
		BD2DBA8E24EE7E9700516CEA /* Plant.swift in Sources */ = {isa = PBXBuildFile; fileRef = BD2DBA8D24EE7E9700516CEA /* Plant.swift */; };
		BD2DBA9224F00CFB00516CEA /* WishlistViewController.swift in Sources */ = {isa = PBXBuildFile; fileRef = BD2DBA9124F00CFB00516CEA /* WishlistViewController.swift */; };
/* End PBXBuildFile section */

/* Begin PBXContainerItemProxy section */
		2745BD8824F6FD0E00590194 /* PBXContainerItemProxy */ = {
			isa = PBXContainerItemProxy;
			containerPortal = BD2DBA5C24EC0F6900516CEA /* Project object */;
			proxyType = 1;
			remoteGlobalIDString = BD2DBA6324EC0F6900516CEA;
			remoteInfo = "Choose My Plant";
		};
/* End PBXContainerItemProxy section */

/* Begin PBXFileReference section */
		01610994B046718C77DD3668 /* Pods_Choose_My_Plant.framework */ = {isa = PBXFileReference; explicitFileType = wrapper.framework; includeInIndex = 0; path = Pods_Choose_My_Plant.framework; sourceTree = BUILT_PRODUCTS_DIR; };
		2745BD8324F6FD0E00590194 /* Choose My PlantTests.xctest */ = {isa = PBXFileReference; explicitFileType = wrapper.cfbundle; includeInIndex = 0; path = "Choose My PlantTests.xctest"; sourceTree = BUILT_PRODUCTS_DIR; };
		2745BD8524F6FD0E00590194 /* Choose_My_PlantTests.swift */ = {isa = PBXFileReference; lastKnownFileType = sourcecode.swift; path = Choose_My_PlantTests.swift; sourceTree = "<group>"; };
		2745BD8724F6FD0E00590194 /* Info.plist */ = {isa = PBXFileReference; lastKnownFileType = text.plist.xml; path = Info.plist; sourceTree = "<group>"; };
		2745BD9024F7062B00590194 /* libSDWebImage-library.a */ = {isa = PBXFileReference; explicitFileType = archive.ar; path = "libSDWebImage-library.a"; sourceTree = BUILT_PRODUCTS_DIR; };
		2745BD9224F7063D00590194 /* SDWebImage.framework */ = {isa = PBXFileReference; explicitFileType = wrapper.framework; path = SDWebImage.framework; sourceTree = BUILT_PRODUCTS_DIR; };
		34D3FE2D24F51F8D003F4380 /* TableViewController.swift */ = {isa = PBXFileReference; lastKnownFileType = sourcecode.swift; path = TableViewController.swift; sourceTree = "<group>"; };
		34D3FE2F24F529FB003F4380 /* TableViewCell.swift */ = {isa = PBXFileReference; lastKnownFileType = sourcecode.swift; path = TableViewCell.swift; sourceTree = "<group>"; };
		3D0B72722E436E41C77FB5B3 /* Pods-Choose My Plant.debug.xcconfig */ = {isa = PBXFileReference; includeInIndex = 1; lastKnownFileType = text.xcconfig; name = "Pods-Choose My Plant.debug.xcconfig"; path = "Target Support Files/Pods-Choose My Plant/Pods-Choose My Plant.debug.xcconfig"; sourceTree = "<group>"; };
		55979253603C8F48FD08951E /* Pods-Choose My PlantTests.debug.xcconfig */ = {isa = PBXFileReference; includeInIndex = 1; lastKnownFileType = text.xcconfig; name = "Pods-Choose My PlantTests.debug.xcconfig"; path = "Target Support Files/Pods-Choose My PlantTests/Pods-Choose My PlantTests.debug.xcconfig"; sourceTree = "<group>"; };
		7737DBE68DB75FB03590F38A /* Pods-Choose My Plant.release.xcconfig */ = {isa = PBXFileReference; includeInIndex = 1; lastKnownFileType = text.xcconfig; name = "Pods-Choose My Plant.release.xcconfig"; path = "Target Support Files/Pods-Choose My Plant/Pods-Choose My Plant.release.xcconfig"; sourceTree = "<group>"; };
		822A695D0165B78D27479580 /* Pods_Choose_My_PlantTests.framework */ = {isa = PBXFileReference; explicitFileType = wrapper.framework; includeInIndex = 0; path = Pods_Choose_My_PlantTests.framework; sourceTree = BUILT_PRODUCTS_DIR; };
		BD2DBA6424EC0F6900516CEA /* Choose My Plant.app */ = {isa = PBXFileReference; explicitFileType = wrapper.application; includeInIndex = 0; path = "Choose My Plant.app"; sourceTree = BUILT_PRODUCTS_DIR; };
		BD2DBA6724EC0F6900516CEA /* AppDelegate.swift */ = {isa = PBXFileReference; lastKnownFileType = sourcecode.swift; path = AppDelegate.swift; sourceTree = "<group>"; };
		BD2DBA6924EC0F6900516CEA /* SceneDelegate.swift */ = {isa = PBXFileReference; lastKnownFileType = sourcecode.swift; path = SceneDelegate.swift; sourceTree = "<group>"; };
		BD2DBA6B24EC0F6900516CEA /* ViewController.swift */ = {isa = PBXFileReference; lastKnownFileType = sourcecode.swift; path = ViewController.swift; sourceTree = "<group>"; };
		BD2DBA6E24EC0F6900516CEA /* Base */ = {isa = PBXFileReference; lastKnownFileType = file.storyboard; name = Base; path = Base.lproj/Main.storyboard; sourceTree = "<group>"; };
		BD2DBA7024EC0F6B00516CEA /* Assets.xcassets */ = {isa = PBXFileReference; lastKnownFileType = folder.assetcatalog; path = Assets.xcassets; sourceTree = "<group>"; };
		BD2DBA7324EC0F6B00516CEA /* Base */ = {isa = PBXFileReference; lastKnownFileType = file.storyboard; name = Base; path = Base.lproj/LaunchScreen.storyboard; sourceTree = "<group>"; };
		BD2DBA7524EC0F6B00516CEA /* Info.plist */ = {isa = PBXFileReference; lastKnownFileType = text.plist.xml; path = Info.plist; sourceTree = "<group>"; };
		BD2DBA7B24EC116600516CEA /* GoogleService-Info.plist */ = {isa = PBXFileReference; fileEncoding = 4; lastKnownFileType = text.plist.xml; path = "GoogleService-Info.plist"; sourceTree = "<group>"; };
		BD2DBA7D24EC19F800516CEA /* SignUpViewController.swift */ = {isa = PBXFileReference; lastKnownFileType = sourcecode.swift; path = SignUpViewController.swift; sourceTree = "<group>"; };
		BD2DBA8124EC1A1900516CEA /* HomeViewController.swift */ = {isa = PBXFileReference; lastKnownFileType = sourcecode.swift; path = HomeViewController.swift; sourceTree = "<group>"; };
		BD2DBA8724ED3EDC00516CEA /* Utilities.swift */ = {isa = PBXFileReference; lastKnownFileType = sourcecode.swift; path = Utilities.swift; sourceTree = "<group>"; };
		BD2DBA8924ED96C400516CEA /* Constants.swift */ = {isa = PBXFileReference; lastKnownFileType = sourcecode.swift; path = Constants.swift; sourceTree = "<group>"; };
		BD2DBA8B24EE7C1C00516CEA /* Plantie.swift */ = {isa = PBXFileReference; lastKnownFileType = sourcecode.swift; path = Plantie.swift; sourceTree = "<group>"; };
		BD2DBA8D24EE7E9700516CEA /* Plant.swift */ = {isa = PBXFileReference; lastKnownFileType = sourcecode.swift; path = Plant.swift; sourceTree = "<group>"; };
		BD2DBA9124F00CFB00516CEA /* WishlistViewController.swift */ = {isa = PBXFileReference; lastKnownFileType = sourcecode.swift; path = WishlistViewController.swift; sourceTree = "<group>"; };
		F0B094CC3000A55F08E777B9 /* Pods-Choose My PlantTests.release.xcconfig */ = {isa = PBXFileReference; includeInIndex = 1; lastKnownFileType = text.xcconfig; name = "Pods-Choose My PlantTests.release.xcconfig"; path = "Target Support Files/Pods-Choose My PlantTests/Pods-Choose My PlantTests.release.xcconfig"; sourceTree = "<group>"; };
/* End PBXFileReference section */

/* Begin PBXFrameworksBuildPhase section */
		2745BD8024F6FD0E00590194 /* Frameworks */ = {
			isa = PBXFrameworksBuildPhase;
			buildActionMask = 2147483647;
			files = (
				BA9A0E3082EB49231AC9F1BF /* Pods_Choose_My_PlantTests.framework in Frameworks */,
			);
			runOnlyForDeploymentPostprocessing = 0;
		};
		BD2DBA6124EC0F6900516CEA /* Frameworks */ = {
			isa = PBXFrameworksBuildPhase;
			buildActionMask = 2147483647;
			files = (
				A6D2DF5791C4F67589EC4222 /* Pods_Choose_My_Plant.framework in Frameworks */,
				0E588BC201DA607DD7B87510 /* BuildFile in Frameworks */,
			);
			runOnlyForDeploymentPostprocessing = 0;
		};
/* End PBXFrameworksBuildPhase section */

/* Begin PBXGroup section */
		1706828639876FF116BD184B /* Pods */ = {
			isa = PBXGroup;
			children = (
				3D0B72722E436E41C77FB5B3 /* Pods-Choose My Plant.debug.xcconfig */,
				7737DBE68DB75FB03590F38A /* Pods-Choose My Plant.release.xcconfig */,
				55979253603C8F48FD08951E /* Pods-Choose My PlantTests.debug.xcconfig */,
				F0B094CC3000A55F08E777B9 /* Pods-Choose My PlantTests.release.xcconfig */,
			);
			path = Pods;
			sourceTree = "<group>";
		};
		2745BD8424F6FD0E00590194 /* Choose My PlantTests */ = {
			isa = PBXGroup;
			children = (
				2745BD8524F6FD0E00590194 /* Choose_My_PlantTests.swift */,
				2745BD8724F6FD0E00590194 /* Info.plist */,
			);
			path = "Choose My PlantTests";
			sourceTree = "<group>";
		};
		7C25E579C8549104FCF8E9BA /* Frameworks */ = {
			isa = PBXGroup;
			children = (
				2745BD9224F7063D00590194 /* SDWebImage.framework */,
				2745BD9024F7062B00590194 /* libSDWebImage-library.a */,
				01610994B046718C77DD3668 /* Pods_Choose_My_Plant.framework */,
				822A695D0165B78D27479580 /* Pods_Choose_My_PlantTests.framework */,
			);
			name = Frameworks;
			sourceTree = "<group>";
		};
		BD2DBA5B24EC0F6900516CEA = {
			isa = PBXGroup;
			children = (
				BD2DBA6624EC0F6900516CEA /* Choose My Plant */,
				2745BD8424F6FD0E00590194 /* Choose My PlantTests */,
				BD2DBA6524EC0F6900516CEA /* Products */,
				1706828639876FF116BD184B /* Pods */,
				7C25E579C8549104FCF8E9BA /* Frameworks */,
			);
			sourceTree = "<group>";
		};
		BD2DBA6524EC0F6900516CEA /* Products */ = {
			isa = PBXGroup;
			children = (
				BD2DBA6424EC0F6900516CEA /* Choose My Plant.app */,
				2745BD8324F6FD0E00590194 /* Choose My PlantTests.xctest */,
			);
			name = Products;
			sourceTree = "<group>";
		};
		BD2DBA6624EC0F6900516CEA /* Choose My Plant */ = {
			isa = PBXGroup;
			children = (
				BD2DBA8624ED3EB200516CEA /* Helpers */,
				BD2DBA8324EC1A3700516CEA /* View Controllers */,
				BD2DBA6724EC0F6900516CEA /* AppDelegate.swift */,
				BD2DBA6924EC0F6900516CEA /* SceneDelegate.swift */,
				BD2DBA6D24EC0F6900516CEA /* Main.storyboard */,
				BD2DBA7024EC0F6B00516CEA /* Assets.xcassets */,
				BD2DBA7B24EC116600516CEA /* GoogleService-Info.plist */,
				BD2DBA7224EC0F6B00516CEA /* LaunchScreen.storyboard */,
				BD2DBA7524EC0F6B00516CEA /* Info.plist */,
				BD2DBA8B24EE7C1C00516CEA /* Plantie.swift */,
				BD2DBA8D24EE7E9700516CEA /* Plant.swift */,
			);
			path = "Choose My Plant";
			sourceTree = "<group>";
		};
		BD2DBA8324EC1A3700516CEA /* View Controllers */ = {
			isa = PBXGroup;
			children = (
				BD2DBA6B24EC0F6900516CEA /* ViewController.swift */,
				BD2DBA7D24EC19F800516CEA /* SignUpViewController.swift */,
				BD2DBA8124EC1A1900516CEA /* HomeViewController.swift */,
				BD2DBA9124F00CFB00516CEA /* WishlistViewController.swift */,
				34D3FE2D24F51F8D003F4380 /* TableViewController.swift */,
				34D3FE2F24F529FB003F4380 /* TableViewCell.swift */,
			);
			path = "View Controllers";
			sourceTree = "<group>";
		};
		BD2DBA8624ED3EB200516CEA /* Helpers */ = {
			isa = PBXGroup;
			children = (
				BD2DBA8724ED3EDC00516CEA /* Utilities.swift */,
				BD2DBA8924ED96C400516CEA /* Constants.swift */,
			);
			path = Helpers;
			sourceTree = "<group>";
		};
/* End PBXGroup section */

/* Begin PBXNativeTarget section */
		2745BD8224F6FD0E00590194 /* Choose My PlantTests */ = {
			isa = PBXNativeTarget;
			buildConfigurationList = 2745BD8C24F6FD0E00590194 /* Build configuration list for PBXNativeTarget "Choose My PlantTests" */;
			buildPhases = (
				04C8C4299B85CE8B1F2C65BB /* [CP] Check Pods Manifest.lock */,
				2745BD7F24F6FD0E00590194 /* Sources */,
				2745BD8024F6FD0E00590194 /* Frameworks */,
				2745BD8124F6FD0E00590194 /* Resources */,
				D145E380123A7A57566F1C61 /* [CP] Embed Pods Frameworks */,
			);
			buildRules = (
			);
			dependencies = (
				2745BD8924F6FD0E00590194 /* PBXTargetDependency */,
			);
			name = "Choose My PlantTests";
			productName = "Choose My PlantTests";
			productReference = 2745BD8324F6FD0E00590194 /* Choose My PlantTests.xctest */;
			productType = "com.apple.product-type.bundle.unit-test";
		};
		BD2DBA6324EC0F6900516CEA /* Choose My Plant */ = {
			isa = PBXNativeTarget;
			buildConfigurationList = BD2DBA7824EC0F6B00516CEA /* Build configuration list for PBXNativeTarget "Choose My Plant" */;
			buildPhases = (
				499913D41400DBC21C4FA247 /* [CP] Check Pods Manifest.lock */,
				BD2DBA6024EC0F6900516CEA /* Sources */,
				BD2DBA6124EC0F6900516CEA /* Frameworks */,
				BD2DBA6224EC0F6900516CEA /* Resources */,
				8C76495CB9B3B6793C1AC468 /* [CP] Embed Pods Frameworks */,
			);
			buildRules = (
			);
			dependencies = (
			);
			name = "Choose My Plant";
			productName = "Choose My Plant";
			productReference = BD2DBA6424EC0F6900516CEA /* Choose My Plant.app */;
			productType = "com.apple.product-type.application";
		};
/* End PBXNativeTarget section */

/* Begin PBXProject section */
		BD2DBA5C24EC0F6900516CEA /* Project object */ = {
			isa = PBXProject;
			attributes = {
				LastSwiftUpdateCheck = 1160;
				LastUpgradeCheck = 1160;
				ORGANIZATIONNAME = "Katie Jones";
				TargetAttributes = {
					2745BD8224F6FD0E00590194 = {
						CreatedOnToolsVersion = 11.6;
						TestTargetID = BD2DBA6324EC0F6900516CEA;
					};
					BD2DBA6324EC0F6900516CEA = {
						CreatedOnToolsVersion = 11.6;
					};
				};
			};
			buildConfigurationList = BD2DBA5F24EC0F6900516CEA /* Build configuration list for PBXProject "Choose My Plant" */;
			compatibilityVersion = "Xcode 9.3";
			developmentRegion = en;
			hasScannedForEncodings = 0;
			knownRegions = (
				en,
				Base,
			);
			mainGroup = BD2DBA5B24EC0F6900516CEA;
			productRefGroup = BD2DBA6524EC0F6900516CEA /* Products */;
			projectDirPath = "";
			projectRoot = "";
			targets = (
				BD2DBA6324EC0F6900516CEA /* Choose My Plant */,
				2745BD8224F6FD0E00590194 /* Choose My PlantTests */,
			);
		};
/* End PBXProject section */

/* Begin PBXResourcesBuildPhase section */
		2745BD8124F6FD0E00590194 /* Resources */ = {
			isa = PBXResourcesBuildPhase;
			buildActionMask = 2147483647;
			files = (
			);
			runOnlyForDeploymentPostprocessing = 0;
		};
		BD2DBA6224EC0F6900516CEA /* Resources */ = {
			isa = PBXResourcesBuildPhase;
			buildActionMask = 2147483647;
			files = (
				BD2DBA7424EC0F6B00516CEA /* LaunchScreen.storyboard in Resources */,
				BD2DBA7C24EC116600516CEA /* GoogleService-Info.plist in Resources */,
				BD2DBA7124EC0F6B00516CEA /* Assets.xcassets in Resources */,
				BD2DBA6F24EC0F6900516CEA /* Main.storyboard in Resources */,
			);
			runOnlyForDeploymentPostprocessing = 0;
		};
/* End PBXResourcesBuildPhase section */

/* Begin PBXShellScriptBuildPhase section */
		04C8C4299B85CE8B1F2C65BB /* [CP] Check Pods Manifest.lock */ = {
			isa = PBXShellScriptBuildPhase;
			buildActionMask = 2147483647;
			files = (
			);
			inputFileListPaths = (
			);
			inputPaths = (
				"${PODS_PODFILE_DIR_PATH}/Podfile.lock",
				"${PODS_ROOT}/Manifest.lock",
			);
			name = "[CP] Check Pods Manifest.lock";
			outputFileListPaths = (
			);
			outputPaths = (
				"$(DERIVED_FILE_DIR)/Pods-Choose My PlantTests-checkManifestLockResult.txt",
			);
			runOnlyForDeploymentPostprocessing = 0;
			shellPath = /bin/sh;
			shellScript = "diff \"${PODS_PODFILE_DIR_PATH}/Podfile.lock\" \"${PODS_ROOT}/Manifest.lock\" > /dev/null\nif [ $? != 0 ] ; then\n    # print error to STDERR\n    echo \"error: The sandbox is not in sync with the Podfile.lock. Run 'pod install' or update your CocoaPods installation.\" >&2\n    exit 1\nfi\n# This output is used by Xcode 'outputs' to avoid re-running this script phase.\necho \"SUCCESS\" > \"${SCRIPT_OUTPUT_FILE_0}\"\n";
			showEnvVarsInLog = 0;
		};
		499913D41400DBC21C4FA247 /* [CP] Check Pods Manifest.lock */ = {
			isa = PBXShellScriptBuildPhase;
			buildActionMask = 2147483647;
			files = (
			);
			inputFileListPaths = (
			);
			inputPaths = (
				"${PODS_PODFILE_DIR_PATH}/Podfile.lock",
				"${PODS_ROOT}/Manifest.lock",
			);
			name = "[CP] Check Pods Manifest.lock";
			outputFileListPaths = (
			);
			outputPaths = (
				"$(DERIVED_FILE_DIR)/Pods-Choose My Plant-checkManifestLockResult.txt",
			);
			runOnlyForDeploymentPostprocessing = 0;
			shellPath = /bin/sh;
			shellScript = "diff \"${PODS_PODFILE_DIR_PATH}/Podfile.lock\" \"${PODS_ROOT}/Manifest.lock\" > /dev/null\nif [ $? != 0 ] ; then\n    # print error to STDERR\n    echo \"error: The sandbox is not in sync with the Podfile.lock. Run 'pod install' or update your CocoaPods installation.\" >&2\n    exit 1\nfi\n# This output is used by Xcode 'outputs' to avoid re-running this script phase.\necho \"SUCCESS\" > \"${SCRIPT_OUTPUT_FILE_0}\"\n";
			showEnvVarsInLog = 0;
		};
		8C76495CB9B3B6793C1AC468 /* [CP] Embed Pods Frameworks */ = {
			isa = PBXShellScriptBuildPhase;
			buildActionMask = 2147483647;
			files = (
			);
			inputFileListPaths = (
				"${PODS_ROOT}/Target Support Files/Pods-Choose My Plant/Pods-Choose My Plant-frameworks-${CONFIGURATION}-input-files.xcfilelist",
			);
			name = "[CP] Embed Pods Frameworks";
			outputFileListPaths = (
				"${PODS_ROOT}/Target Support Files/Pods-Choose My Plant/Pods-Choose My Plant-frameworks-${CONFIGURATION}-output-files.xcfilelist",
			);
			runOnlyForDeploymentPostprocessing = 0;
			shellPath = /bin/sh;
			shellScript = "\"${PODS_ROOT}/Target Support Files/Pods-Choose My Plant/Pods-Choose My Plant-frameworks.sh\"\n";
			showEnvVarsInLog = 0;
		};
		D145E380123A7A57566F1C61 /* [CP] Embed Pods Frameworks */ = {
			isa = PBXShellScriptBuildPhase;
			buildActionMask = 2147483647;
			files = (
			);
			inputFileListPaths = (
				"${PODS_ROOT}/Target Support Files/Pods-Choose My PlantTests/Pods-Choose My PlantTests-frameworks-${CONFIGURATION}-input-files.xcfilelist",
			);
			name = "[CP] Embed Pods Frameworks";
			outputFileListPaths = (
				"${PODS_ROOT}/Target Support Files/Pods-Choose My PlantTests/Pods-Choose My PlantTests-frameworks-${CONFIGURATION}-output-files.xcfilelist",
			);
			runOnlyForDeploymentPostprocessing = 0;
			shellPath = /bin/sh;
			shellScript = "\"${PODS_ROOT}/Target Support Files/Pods-Choose My PlantTests/Pods-Choose My PlantTests-frameworks.sh\"\n";
			showEnvVarsInLog = 0;
		};
/* End PBXShellScriptBuildPhase section */

/* Begin PBXSourcesBuildPhase section */
		2745BD7F24F6FD0E00590194 /* Sources */ = {
			isa = PBXSourcesBuildPhase;
			buildActionMask = 2147483647;
			files = (
				2745BD8624F6FD0E00590194 /* Choose_My_PlantTests.swift in Sources */,
			);
			runOnlyForDeploymentPostprocessing = 0;
		};
		BD2DBA6024EC0F6900516CEA /* Sources */ = {
			isa = PBXSourcesBuildPhase;
			buildActionMask = 2147483647;
			files = (
				BD2DBA6C24EC0F6900516CEA /* ViewController.swift in Sources */,
				BD2DBA8E24EE7E9700516CEA /* Plant.swift in Sources */,
				BD2DBA6824EC0F6900516CEA /* AppDelegate.swift in Sources */,
				BD2DBA8824ED3EDD00516CEA /* Utilities.swift in Sources */,
				BD2DBA7E24EC19F800516CEA /* SignUpViewController.swift in Sources */,
				BD2DBA8A24ED96C400516CEA /* Constants.swift in Sources */,
				34D3FE2E24F51F8D003F4380 /* TableViewController.swift in Sources */,
				BD2DBA8C24EE7C1C00516CEA /* Plantie.swift in Sources */,
				BD2DBA9224F00CFB00516CEA /* WishlistViewController.swift in Sources */,
				34D3FE3024F529FB003F4380 /* TableViewCell.swift in Sources */,
				BD2DBA6A24EC0F6900516CEA /* SceneDelegate.swift in Sources */,
				BD2DBA8224EC1A1900516CEA /* HomeViewController.swift in Sources */,
			);
			runOnlyForDeploymentPostprocessing = 0;
		};
/* End PBXSourcesBuildPhase section */

/* Begin PBXTargetDependency section */
		2745BD8924F6FD0E00590194 /* PBXTargetDependency */ = {
			isa = PBXTargetDependency;
			target = BD2DBA6324EC0F6900516CEA /* Choose My Plant */;
			targetProxy = 2745BD8824F6FD0E00590194 /* PBXContainerItemProxy */;
		};
/* End PBXTargetDependency section */

/* Begin PBXVariantGroup section */
		BD2DBA6D24EC0F6900516CEA /* Main.storyboard */ = {
			isa = PBXVariantGroup;
			children = (
				BD2DBA6E24EC0F6900516CEA /* Base */,
			);
			name = Main.storyboard;
			sourceTree = "<group>";
		};
		BD2DBA7224EC0F6B00516CEA /* LaunchScreen.storyboard */ = {
			isa = PBXVariantGroup;
			children = (
				BD2DBA7324EC0F6B00516CEA /* Base */,
			);
			name = LaunchScreen.storyboard;
			sourceTree = "<group>";
		};
/* End PBXVariantGroup section */

/* Begin XCBuildConfiguration section */
		2745BD8A24F6FD0E00590194 /* Debug */ = {
			isa = XCBuildConfiguration;
			baseConfigurationReference = 55979253603C8F48FD08951E /* Pods-Choose My PlantTests.debug.xcconfig */;
			buildSettings = {
				BUNDLE_LOADER = "$(TEST_HOST)";
				CODE_SIGN_STYLE = Automatic;
				INFOPLIST_FILE = "Choose My PlantTests/Info.plist";
				LD_RUNPATH_SEARCH_PATHS = (
					"$(inherited)",
					"@executable_path/Frameworks",
					"@loader_path/Frameworks",
					"$(FRAMEWORK_SEARCH_PATHS)",
				);
				PRODUCT_BUNDLE_IDENTIFIER = "com.codepro.Choose-My-PlantTests";
				PRODUCT_NAME = "$(TARGET_NAME)";
				SWIFT_VERSION = 5.0;
				TARGETED_DEVICE_FAMILY = "1,2";
				TEST_HOST = "$(BUILT_PRODUCTS_DIR)/Choose My Plant.app/Choose My Plant";
			};
			name = Debug;
		};
		2745BD8B24F6FD0E00590194 /* Release */ = {
			isa = XCBuildConfiguration;
			baseConfigurationReference = F0B094CC3000A55F08E777B9 /* Pods-Choose My PlantTests.release.xcconfig */;
			buildSettings = {
				BUNDLE_LOADER = "$(TEST_HOST)";
				CODE_SIGN_STYLE = Automatic;
				INFOPLIST_FILE = "Choose My PlantTests/Info.plist";
				LD_RUNPATH_SEARCH_PATHS = (
					"$(inherited)",
					"@executable_path/Frameworks",
					"@loader_path/Frameworks",
					"$(FRAMEWORK_SEARCH_PATHS)",
				);
				PRODUCT_BUNDLE_IDENTIFIER = "com.codepro.Choose-My-PlantTests";
				PRODUCT_NAME = "$(TARGET_NAME)";
				SWIFT_VERSION = 5.0;
				TARGETED_DEVICE_FAMILY = "1,2";
				TEST_HOST = "$(BUILT_PRODUCTS_DIR)/Choose My Plant.app/Choose My Plant";
			};
			name = Release;
		};
		BD2DBA7624EC0F6B00516CEA /* Debug */ = {
			isa = XCBuildConfiguration;
			buildSettings = {
				ALWAYS_SEARCH_USER_PATHS = NO;
				CLANG_ANALYZER_NONNULL = YES;
				CLANG_ANALYZER_NUMBER_OBJECT_CONVERSION = YES_AGGRESSIVE;
				CLANG_CXX_LANGUAGE_STANDARD = "gnu++14";
				CLANG_CXX_LIBRARY = "libc++";
				CLANG_ENABLE_MODULES = YES;
				CLANG_ENABLE_OBJC_ARC = YES;
				CLANG_ENABLE_OBJC_WEAK = YES;
				CLANG_WARN_BLOCK_CAPTURE_AUTORELEASING = YES;
				CLANG_WARN_BOOL_CONVERSION = YES;
				CLANG_WARN_COMMA = YES;
				CLANG_WARN_CONSTANT_CONVERSION = YES;
				CLANG_WARN_DEPRECATED_OBJC_IMPLEMENTATIONS = YES;
				CLANG_WARN_DIRECT_OBJC_ISA_USAGE = YES_ERROR;
				CLANG_WARN_DOCUMENTATION_COMMENTS = YES;
				CLANG_WARN_EMPTY_BODY = YES;
				CLANG_WARN_ENUM_CONVERSION = YES;
				CLANG_WARN_INFINITE_RECURSION = YES;
				CLANG_WARN_INT_CONVERSION = YES;
				CLANG_WARN_NON_LITERAL_NULL_CONVERSION = YES;
				CLANG_WARN_OBJC_IMPLICIT_RETAIN_SELF = YES;
				CLANG_WARN_OBJC_LITERAL_CONVERSION = YES;
				CLANG_WARN_OBJC_ROOT_CLASS = YES_ERROR;
				CLANG_WARN_RANGE_LOOP_ANALYSIS = YES;
				CLANG_WARN_STRICT_PROTOTYPES = YES;
				CLANG_WARN_SUSPICIOUS_MOVE = YES;
				CLANG_WARN_UNGUARDED_AVAILABILITY = YES_AGGRESSIVE;
				CLANG_WARN_UNREACHABLE_CODE = YES;
				CLANG_WARN__DUPLICATE_METHOD_MATCH = YES;
				COPY_PHASE_STRIP = NO;
				DEBUG_INFORMATION_FORMAT = dwarf;
				ENABLE_STRICT_OBJC_MSGSEND = YES;
				ENABLE_TESTABILITY = YES;
				GCC_C_LANGUAGE_STANDARD = gnu11;
				GCC_DYNAMIC_NO_PIC = NO;
				GCC_NO_COMMON_BLOCKS = YES;
				GCC_OPTIMIZATION_LEVEL = 0;
				GCC_PREPROCESSOR_DEFINITIONS = (
					"DEBUG=1",
					"$(inherited)",
				);
				GCC_WARN_64_TO_32_BIT_CONVERSION = YES;
				GCC_WARN_ABOUT_RETURN_TYPE = YES_ERROR;
				GCC_WARN_UNDECLARED_SELECTOR = YES;
				GCC_WARN_UNINITIALIZED_AUTOS = YES_AGGRESSIVE;
				GCC_WARN_UNUSED_FUNCTION = YES;
				GCC_WARN_UNUSED_VARIABLE = YES;
				IPHONEOS_DEPLOYMENT_TARGET = 13.6;
				MTL_ENABLE_DEBUG_INFO = INCLUDE_SOURCE;
				MTL_FAST_MATH = YES;
				ONLY_ACTIVE_ARCH = YES;
				SDKROOT = iphoneos;
				SWIFT_ACTIVE_COMPILATION_CONDITIONS = DEBUG;
				SWIFT_OPTIMIZATION_LEVEL = "-Onone";
			};
			name = Debug;
		};
		BD2DBA7724EC0F6B00516CEA /* Release */ = {
			isa = XCBuildConfiguration;
			buildSettings = {
				ALWAYS_SEARCH_USER_PATHS = NO;
				CLANG_ANALYZER_NONNULL = YES;
				CLANG_ANALYZER_NUMBER_OBJECT_CONVERSION = YES_AGGRESSIVE;
				CLANG_CXX_LANGUAGE_STANDARD = "gnu++14";
				CLANG_CXX_LIBRARY = "libc++";
				CLANG_ENABLE_MODULES = YES;
				CLANG_ENABLE_OBJC_ARC = YES;
				CLANG_ENABLE_OBJC_WEAK = YES;
				CLANG_WARN_BLOCK_CAPTURE_AUTORELEASING = YES;
				CLANG_WARN_BOOL_CONVERSION = YES;
				CLANG_WARN_COMMA = YES;
				CLANG_WARN_CONSTANT_CONVERSION = YES;
				CLANG_WARN_DEPRECATED_OBJC_IMPLEMENTATIONS = YES;
				CLANG_WARN_DIRECT_OBJC_ISA_USAGE = YES_ERROR;
				CLANG_WARN_DOCUMENTATION_COMMENTS = YES;
				CLANG_WARN_EMPTY_BODY = YES;
				CLANG_WARN_ENUM_CONVERSION = YES;
				CLANG_WARN_INFINITE_RECURSION = YES;
				CLANG_WARN_INT_CONVERSION = YES;
				CLANG_WARN_NON_LITERAL_NULL_CONVERSION = YES;
				CLANG_WARN_OBJC_IMPLICIT_RETAIN_SELF = YES;
				CLANG_WARN_OBJC_LITERAL_CONVERSION = YES;
				CLANG_WARN_OBJC_ROOT_CLASS = YES_ERROR;
				CLANG_WARN_RANGE_LOOP_ANALYSIS = YES;
				CLANG_WARN_STRICT_PROTOTYPES = YES;
				CLANG_WARN_SUSPICIOUS_MOVE = YES;
				CLANG_WARN_UNGUARDED_AVAILABILITY = YES_AGGRESSIVE;
				CLANG_WARN_UNREACHABLE_CODE = YES;
				CLANG_WARN__DUPLICATE_METHOD_MATCH = YES;
				COPY_PHASE_STRIP = NO;
				DEBUG_INFORMATION_FORMAT = "dwarf-with-dsym";
				ENABLE_NS_ASSERTIONS = NO;
				ENABLE_STRICT_OBJC_MSGSEND = YES;
				GCC_C_LANGUAGE_STANDARD = gnu11;
				GCC_NO_COMMON_BLOCKS = YES;
				GCC_WARN_64_TO_32_BIT_CONVERSION = YES;
				GCC_WARN_ABOUT_RETURN_TYPE = YES_ERROR;
				GCC_WARN_UNDECLARED_SELECTOR = YES;
				GCC_WARN_UNINITIALIZED_AUTOS = YES_AGGRESSIVE;
				GCC_WARN_UNUSED_FUNCTION = YES;
				GCC_WARN_UNUSED_VARIABLE = YES;
				IPHONEOS_DEPLOYMENT_TARGET = 13.6;
				MTL_ENABLE_DEBUG_INFO = NO;
				MTL_FAST_MATH = YES;
				SDKROOT = iphoneos;
				SWIFT_COMPILATION_MODE = wholemodule;
				SWIFT_OPTIMIZATION_LEVEL = "-O";
				VALIDATE_PRODUCT = YES;
			};
			name = Release;
		};
		BD2DBA7924EC0F6B00516CEA /* Debug */ = {
			isa = XCBuildConfiguration;
			baseConfigurationReference = 3D0B72722E436E41C77FB5B3 /* Pods-Choose My Plant.debug.xcconfig */;
			buildSettings = {
				ASSETCATALOG_COMPILER_APPICON_NAME = AppIcon;
				CODE_SIGN_STYLE = Automatic;
				GCC_NO_COMMON_BLOCKS = YES;
				INFOPLIST_FILE = "Choose My Plant/Info.plist";
				LD_RUNPATH_SEARCH_PATHS = (
					"$(inherited)",
					"@executable_path/Frameworks",
				);
				PRODUCT_BUNDLE_IDENTIFIER = "com.DMKR.Choose-My-Plant";
				PRODUCT_NAME = "$(TARGET_NAME)";
				SWIFT_VERSION = 5.0;
				TARGETED_DEVICE_FAMILY = "1,2";
			};
			name = Debug;
		};
		BD2DBA7A24EC0F6B00516CEA /* Release */ = {
			isa = XCBuildConfiguration;
			baseConfigurationReference = 7737DBE68DB75FB03590F38A /* Pods-Choose My Plant.release.xcconfig */;
			buildSettings = {
				ASSETCATALOG_COMPILER_APPICON_NAME = AppIcon;
				CODE_SIGN_STYLE = Automatic;
				GCC_NO_COMMON_BLOCKS = YES;
				INFOPLIST_FILE = "Choose My Plant/Info.plist";
				LD_RUNPATH_SEARCH_PATHS = (
					"$(inherited)",
					"@executable_path/Frameworks",
				);
				PRODUCT_BUNDLE_IDENTIFIER = "com.DMKR.Choose-My-Plant";
				PRODUCT_NAME = "$(TARGET_NAME)";
				SWIFT_VERSION = 5.0;
				TARGETED_DEVICE_FAMILY = "1,2";
			};
			name = Release;
		};
/* End XCBuildConfiguration section */

/* Begin XCConfigurationList section */
		2745BD8C24F6FD0E00590194 /* Build configuration list for PBXNativeTarget "Choose My PlantTests" */ = {
			isa = XCConfigurationList;
			buildConfigurations = (
				2745BD8A24F6FD0E00590194 /* Debug */,
				2745BD8B24F6FD0E00590194 /* Release */,
			);
			defaultConfigurationIsVisible = 0;
			defaultConfigurationName = Release;
		};
		BD2DBA5F24EC0F6900516CEA /* Build configuration list for PBXProject "Choose My Plant" */ = {
			isa = XCConfigurationList;
			buildConfigurations = (
				BD2DBA7624EC0F6B00516CEA /* Debug */,
				BD2DBA7724EC0F6B00516CEA /* Release */,
			);
			defaultConfigurationIsVisible = 0;
			defaultConfigurationName = Release;
		};
		BD2DBA7824EC0F6B00516CEA /* Build configuration list for PBXNativeTarget "Choose My Plant" */ = {
			isa = XCConfigurationList;
			buildConfigurations = (
				BD2DBA7924EC0F6B00516CEA /* Debug */,
				BD2DBA7A24EC0F6B00516CEA /* Release */,
			);
			defaultConfigurationIsVisible = 0;
			defaultConfigurationName = Release;
		};
/* End XCConfigurationList section */
	};
	rootObject = BD2DBA5C24EC0F6900516CEA /* Project object */;
}
